
Microsoft Visual Studio Solution File, Format Version 12.00
# Visual Studio 14
VisualStudioVersion = 14.0.25123.0
MinimumVisualStudioVersion = 10.0.40219.1
Project("{FAE04EC0-301F-11D3-BF4B-00C04F79EFBC}") = "Numbro", "Numbro\Numbro.csproj", "{DB482D5E-3E8F-4EA7-84AE-C13C20BC47DA}"
EndProject
Global
	GlobalSection(SolutionConfigurationPlatforms) = preSolution
		Debug|Any CPU = Debug|Any CPU
		Release|Any CPU = Release|Any CPU
	EndGlobalSection
	GlobalSection(ProjectConfigurationPlatforms) = postSolution
		{DB482D5E-3E8F-4EA7-84AE-C13C20BC47DA}.Debug|Any CPU.ActiveCfg = Debug|Any CPU
		{DB482D5E-3E8F-4EA7-84AE-C13C20BC47DA}.Debug|Any CPU.Build.0 = Debug|Any CPU
		{DB482D5E-3E8F-4EA7-84AE-C13C20BC47DA}.Release|Any CPU.ActiveCfg = Release|Any CPU
		{DB482D5E-3E8F-4EA7-84AE-C13C20BC47DA}.Release|Any CPU.Build.0 = Release|Any CPU
	EndGlobalSection
	GlobalSection(SolutionProperties) = preSolution
		HideSolutionNode = FALSE
	EndGlobalSection
EndGlobal
